// !$*UTF8*$!
{
	archiveVersion = 1;
	classes = {
	};
	objectVersion = 46;
	objects = {

/* Begin PBXBuildFile section */
		634FFC701A7596D600F24DF6 /* ExerciseTableViewController.m in Sources */ = {isa = PBXBuildFile; fileRef = 634FFC6F1A7596D600F24DF6 /* ExerciseTableViewController.m */; };
		634FFC731A75970200F24DF6 /* ExerciseTableViewCell.m in Sources */ = {isa = PBXBuildFile; fileRef = 634FFC721A75970200F24DF6 /* ExerciseTableViewCell.m */; };
		634FFCC21A7616D100F24DF6 /* ExerciseViewController.m in Sources */ = {isa = PBXBuildFile; fileRef = 634FFCC11A7616D100F24DF6 /* ExerciseViewController.m */; };
		635352831A6F61B80030F5CE /* OpenEntriesTableViewCell.m in Sources */ = {isa = PBXBuildFile; fileRef = 635352821A6F61B80030F5CE /* OpenEntriesTableViewCell.m */; };
		635533031AA754F100AF865B /* LoginViewController.m in Sources */ = {isa = PBXBuildFile; fileRef = 635533021AA754F100AF865B /* LoginViewController.m */; };
		6360D66D1A6B5D98001171ED /* main.m in Sources */ = {isa = PBXBuildFile; fileRef = 6360D66C1A6B5D98001171ED /* main.m */; };
		6360D6701A6B5D98001171ED /* AppDelegate.m in Sources */ = {isa = PBXBuildFile; fileRef = 6360D66F1A6B5D98001171ED /* AppDelegate.m */; };
		6360D6731A6B5D98001171ED /* iCope.xcdatamodeld in Sources */ = {isa = PBXBuildFile; fileRef = 6360D6711A6B5D98001171ED /* iCope.xcdatamodeld */; };
		6360D6791A6B5D98001171ED /* Main.storyboard in Resources */ = {isa = PBXBuildFile; fileRef = 6360D6771A6B5D98001171ED /* Main.storyboard */; };
		6360D67B1A6B5D98001171ED /* Images.xcassets in Resources */ = {isa = PBXBuildFile; fileRef = 6360D67A1A6B5D98001171ED /* Images.xcassets */; };
		6360D67E1A6B5D98001171ED /* LaunchScreen.xib in Resources */ = {isa = PBXBuildFile; fileRef = 6360D67C1A6B5D98001171ED /* LaunchScreen.xib */; };
		6360D68A1A6B5D98001171ED /* iCopeTests.m in Sources */ = {isa = PBXBuildFile; fileRef = 6360D6891A6B5D98001171ED /* iCopeTests.m */; };
		6360D6AD1A6B5F1B001171ED /* JournalViewController.m in Sources */ = {isa = PBXBuildFile; fileRef = 6360D6AC1A6B5F1B001171ED /* JournalViewController.m */; };
		6360D6B61A6B5F26001171ED /* MusicViewController.m in Sources */ = {isa = PBXBuildFile; fileRef = 6360D6B21A6B5F26001171ED /* MusicViewController.m */; };
		6360D6CC1A6B5F43001171ED /* SettingsViewController.m in Sources */ = {isa = PBXBuildFile; fileRef = 6360D6C91A6B5F43001171ED /* SettingsViewController.m */; };
		6360D6CD1A6B5F43001171ED /* DrawingViewController.m in Sources */ = {isa = PBXBuildFile; fileRef = 6360D6CB1A6B5F43001171ED /* DrawingViewController.m */; };
		6360D6D01A6B5F4D001171ED /* ReadingViewController.m in Sources */ = {isa = PBXBuildFile; fileRef = 6360D6CF1A6B5F4D001171ED /* ReadingViewController.m */; };
		6360D6D91A6B5F59001171ED /* HomeViewController.m in Sources */ = {isa = PBXBuildFile; fileRef = 6360D6D21A6B5F59001171ED /* HomeViewController.m */; };
		6360D6E21A6BA0F8001171ED /* OpenEntriesViewController.m in Sources */ = {isa = PBXBuildFile; fileRef = 6360D6E11A6BA0F8001171ED /* OpenEntriesViewController.m */; };
		636A44681AA6CA7D0013DEF9 /* BackEndComunicator.m in Sources */ = {isa = PBXBuildFile; fileRef = 636A44671AA6CA7D0013DEF9 /* BackEndComunicator.m */; };
		636A446A1AA6D2AA0013DEF9 /* SystemConfiguration.framework in Frameworks */ = {isa = PBXBuildFile; fileRef = 636A44691AA6D2AA0013DEF9 /* SystemConfiguration.framework */; };
		636A446C1AA6D2B80013DEF9 /* UIKit.framework in Frameworks */ = {isa = PBXBuildFile; fileRef = 636A446B1AA6D2B80013DEF9 /* UIKit.framework */; };
		636A446E1AA6D2C50013DEF9 /* CoreData.framework in Frameworks */ = {isa = PBXBuildFile; fileRef = 636A446D1AA6D2C50013DEF9 /* CoreData.framework */; };
		636A44701AA6D2D80013DEF9 /* Foundation.framework in Frameworks */ = {isa = PBXBuildFile; fileRef = 636A446F1AA6D2D80013DEF9 /* Foundation.framework */; };
		636A44741AA6D49C0013DEF9 /* Reachability.m in Sources */ = {isa = PBXBuildFile; fileRef = 636A44731AA6D49C0013DEF9 /* Reachability.m */; };
		638FC2DC1AC282EA003992FB /* RNActivityView.m in Sources */ = {isa = PBXBuildFile; fileRef = 638FC2D91AC282EA003992FB /* RNActivityView.m */; };
		638FC2DD1AC282EA003992FB /* UIView+RNActivityView.m in Sources */ = {isa = PBXBuildFile; fileRef = 638FC2DB1AC282EA003992FB /* UIView+RNActivityView.m */; };
		638FC2E11AC28314003992FB /* UIView+Toast.m in Sources */ = {isa = PBXBuildFile; fileRef = 638FC2E01AC28314003992FB /* UIView+Toast.m */; };
		638FC2E71AC284C7003992FB /* Journal.m in Sources */ = {isa = PBXBuildFile; fileRef = 638FC2E61AC284C7003992FB /* Journal.m */; };
		638FC2EA1AC284C8003992FB /* Patient.m in Sources */ = {isa = PBXBuildFile; fileRef = 638FC2E91AC284C8003992FB /* Patient.m */; };
		638FC2ED1AC284C8003992FB /* ButtonActivations.m in Sources */ = {isa = PBXBuildFile; fileRef = 638FC2EC1AC284C8003992FB /* ButtonActivations.m */; };
		638FC2F01AC284C8003992FB /* Quotes.m in Sources */ = {isa = PBXBuildFile; fileRef = 638FC2EF1AC284C8003992FB /* Quotes.m */; };
		638FC2F31AC284C8003992FB /* Exercises.m in Sources */ = {isa = PBXBuildFile; fileRef = 638FC2F21AC284C8003992FB /* Exercises.m */; };
		638FC2F61AC284C8003992FB /* Therapist.m in Sources */ = {isa = PBXBuildFile; fileRef = 638FC2F51AC284C8003992FB /* Therapist.m */; };
		638FC2FD1AC28686003992FB /* Activities.m in Sources */ = {isa = PBXBuildFile; fileRef = 638FC2FC1AC28686003992FB /* Activities.m */; };
		C069B8511A8D1FD90002428E /* RatingViewController.m in Sources */ = {isa = PBXBuildFile; fileRef = C069B8501A8D1FD90002428E /* RatingViewController.m */; };
/* End PBXBuildFile section */

/* Begin PBXContainerItemProxy section */
		6360D6841A6B5D98001171ED /* PBXContainerItemProxy */ = {
			isa = PBXContainerItemProxy;
			containerPortal = 6360D65F1A6B5D98001171ED /* Project object */;
			proxyType = 1;
			remoteGlobalIDString = 6360D6661A6B5D98001171ED;
			remoteInfo = iCope;
		};
/* End PBXContainerItemProxy section */

/* Begin PBXFileReference section */
		634FFC6E1A7596D600F24DF6 /* ExerciseTableViewController.h */ = {isa = PBXFileReference; fileEncoding = 4; lastKnownFileType = sourcecode.c.h; path = ExerciseTableViewController.h; sourceTree = "<group>"; };
		634FFC6F1A7596D600F24DF6 /* ExerciseTableViewController.m */ = {isa = PBXFileReference; fileEncoding = 4; lastKnownFileType = sourcecode.c.objc; path = ExerciseTableViewController.m; sourceTree = "<group>"; };
		634FFC711A75970200F24DF6 /* ExerciseTableViewCell.h */ = {isa = PBXFileReference; fileEncoding = 4; lastKnownFileType = sourcecode.c.h; path = ExerciseTableViewCell.h; sourceTree = "<group>"; };
		634FFC721A75970200F24DF6 /* ExerciseTableViewCell.m */ = {isa = PBXFileReference; fileEncoding = 4; lastKnownFileType = sourcecode.c.objc; path = ExerciseTableViewCell.m; sourceTree = "<group>"; };
		634FFCC01A7616D100F24DF6 /* ExerciseViewController.h */ = {isa = PBXFileReference; fileEncoding = 4; lastKnownFileType = sourcecode.c.h; path = ExerciseViewController.h; sourceTree = "<group>"; };
		634FFCC11A7616D100F24DF6 /* ExerciseViewController.m */ = {isa = PBXFileReference; fileEncoding = 4; lastKnownFileType = sourcecode.c.objc; path = ExerciseViewController.m; sourceTree = "<group>"; };
		635352811A6F61B80030F5CE /* OpenEntriesTableViewCell.h */ = {isa = PBXFileReference; fileEncoding = 4; lastKnownFileType = sourcecode.c.h; path = OpenEntriesTableViewCell.h; sourceTree = "<group>"; };
		635352821A6F61B80030F5CE /* OpenEntriesTableViewCell.m */ = {isa = PBXFileReference; fileEncoding = 4; lastKnownFileType = sourcecode.c.objc; path = OpenEntriesTableViewCell.m; sourceTree = "<group>"; };
		635533011AA754F100AF865B /* LoginViewController.h */ = {isa = PBXFileReference; fileEncoding = 4; lastKnownFileType = sourcecode.c.h; path = LoginViewController.h; sourceTree = "<group>"; };
		635533021AA754F100AF865B /* LoginViewController.m */ = {isa = PBXFileReference; fileEncoding = 4; lastKnownFileType = sourcecode.c.objc; path = LoginViewController.m; sourceTree = "<group>"; };
		6360D6671A6B5D98001171ED /* iCope.app */ = {isa = PBXFileReference; explicitFileType = wrapper.application; includeInIndex = 0; path = iCope.app; sourceTree = BUILT_PRODUCTS_DIR; };
		6360D66B1A6B5D98001171ED /* Info.plist */ = {isa = PBXFileReference; lastKnownFileType = text.plist.xml; path = Info.plist; sourceTree = "<group>"; };
		6360D66C1A6B5D98001171ED /* main.m */ = {isa = PBXFileReference; lastKnownFileType = sourcecode.c.objc; path = main.m; sourceTree = "<group>"; };
		6360D66E1A6B5D98001171ED /* AppDelegate.h */ = {isa = PBXFileReference; lastKnownFileType = sourcecode.c.h; path = AppDelegate.h; sourceTree = "<group>"; };
		6360D66F1A6B5D98001171ED /* AppDelegate.m */ = {isa = PBXFileReference; lastKnownFileType = sourcecode.c.objc; path = AppDelegate.m; sourceTree = "<group>"; };
		6360D6721A6B5D98001171ED /* iCope.xcdatamodel */ = {isa = PBXFileReference; lastKnownFileType = wrapper.xcdatamodel; path = iCope.xcdatamodel; sourceTree = "<group>"; };
		6360D6781A6B5D98001171ED /* Base */ = {isa = PBXFileReference; lastKnownFileType = file.storyboard; name = Base; path = Base.lproj/Main.storyboard; sourceTree = "<group>"; };
		6360D67A1A6B5D98001171ED /* Images.xcassets */ = {isa = PBXFileReference; lastKnownFileType = folder.assetcatalog; name = Images.xcassets; path = iCope/Images.xcassets; sourceTree = "<group>"; };
		6360D67D1A6B5D98001171ED /* Base */ = {isa = PBXFileReference; lastKnownFileType = file.xib; name = Base; path = Base.lproj/LaunchScreen.xib; sourceTree = "<group>"; };
		6360D6831A6B5D98001171ED /* iCopeTests.xctest */ = {isa = PBXFileReference; explicitFileType = wrapper.cfbundle; includeInIndex = 0; path = iCopeTests.xctest; sourceTree = BUILT_PRODUCTS_DIR; };
		6360D6881A6B5D98001171ED /* Info.plist */ = {isa = PBXFileReference; lastKnownFileType = text.plist.xml; path = Info.plist; sourceTree = "<group>"; };
		6360D6891A6B5D98001171ED /* iCopeTests.m */ = {isa = PBXFileReference; lastKnownFileType = sourcecode.c.objc; path = iCopeTests.m; sourceTree = "<group>"; };
		6360D6AB1A6B5F1B001171ED /* JournalViewController.h */ = {isa = PBXFileReference; fileEncoding = 4; lastKnownFileType = sourcecode.c.h; path = JournalViewController.h; sourceTree = "<group>"; };
		6360D6AC1A6B5F1B001171ED /* JournalViewController.m */ = {isa = PBXFileReference; fileEncoding = 4; lastKnownFileType = sourcecode.c.objc; path = JournalViewController.m; sourceTree = "<group>"; };
		6360D6B11A6B5F26001171ED /* MusicViewController.h */ = {isa = PBXFileReference; fileEncoding = 4; lastKnownFileType = sourcecode.c.h; path = MusicViewController.h; sourceTree = "<group>"; };
		6360D6B21A6B5F26001171ED /* MusicViewController.m */ = {isa = PBXFileReference; fileEncoding = 4; lastKnownFileType = sourcecode.c.objc; path = MusicViewController.m; sourceTree = "<group>"; };
		6360D6C81A6B5F43001171ED /* SettingsViewController.h */ = {isa = PBXFileReference; fileEncoding = 4; lastKnownFileType = sourcecode.c.h; path = SettingsViewController.h; sourceTree = "<group>"; };
		6360D6C91A6B5F43001171ED /* SettingsViewController.m */ = {isa = PBXFileReference; fileEncoding = 4; lastKnownFileType = sourcecode.c.objc; path = SettingsViewController.m; sourceTree = "<group>"; };
		6360D6CA1A6B5F43001171ED /* DrawingViewController.h */ = {isa = PBXFileReference; fileEncoding = 4; lastKnownFileType = sourcecode.c.h; path = DrawingViewController.h; sourceTree = "<group>"; };
		6360D6CB1A6B5F43001171ED /* DrawingViewController.m */ = {isa = PBXFileReference; fileEncoding = 4; lastKnownFileType = sourcecode.c.objc; path = DrawingViewController.m; sourceTree = "<group>"; };
		6360D6CE1A6B5F4D001171ED /* ReadingViewController.h */ = {isa = PBXFileReference; fileEncoding = 4; lastKnownFileType = sourcecode.c.h; path = ReadingViewController.h; sourceTree = "<group>"; };
		6360D6CF1A6B5F4D001171ED /* ReadingViewController.m */ = {isa = PBXFileReference; fileEncoding = 4; lastKnownFileType = sourcecode.c.objc; path = ReadingViewController.m; sourceTree = "<group>"; };
		6360D6D11A6B5F59001171ED /* HomeViewController.h */ = {isa = PBXFileReference; fileEncoding = 4; lastKnownFileType = sourcecode.c.h; path = HomeViewController.h; sourceTree = "<group>"; };
		6360D6D21A6B5F59001171ED /* HomeViewController.m */ = {isa = PBXFileReference; fileEncoding = 4; lastKnownFileType = sourcecode.c.objc; path = HomeViewController.m; sourceTree = "<group>"; };
		6360D6E01A6BA0F8001171ED /* OpenEntriesViewController.h */ = {isa = PBXFileReference; fileEncoding = 4; lastKnownFileType = sourcecode.c.h; path = OpenEntriesViewController.h; sourceTree = "<group>"; };
		6360D6E11A6BA0F8001171ED /* OpenEntriesViewController.m */ = {isa = PBXFileReference; fileEncoding = 4; lastKnownFileType = sourcecode.c.objc; path = OpenEntriesViewController.m; sourceTree = "<group>"; };
		636A44661AA6CA7D0013DEF9 /* BackEndComunicator.h */ = {isa = PBXFileReference; fileEncoding = 4; lastKnownFileType = sourcecode.c.h; path = BackEndComunicator.h; sourceTree = "<group>"; };
		636A44671AA6CA7D0013DEF9 /* BackEndComunicator.m */ = {isa = PBXFileReference; fileEncoding = 4; lastKnownFileType = sourcecode.c.objc; path = BackEndComunicator.m; sourceTree = "<group>"; };
		636A44691AA6D2AA0013DEF9 /* SystemConfiguration.framework */ = {isa = PBXFileReference; lastKnownFileType = wrapper.framework; name = SystemConfiguration.framework; path = System/Library/Frameworks/SystemConfiguration.framework; sourceTree = SDKROOT; };
		636A446B1AA6D2B80013DEF9 /* UIKit.framework */ = {isa = PBXFileReference; lastKnownFileType = wrapper.framework; name = UIKit.framework; path = System/Library/Frameworks/UIKit.framework; sourceTree = SDKROOT; };
		636A446D1AA6D2C50013DEF9 /* CoreData.framework */ = {isa = PBXFileReference; lastKnownFileType = wrapper.framework; name = CoreData.framework; path = System/Library/Frameworks/CoreData.framework; sourceTree = SDKROOT; };
		636A446F1AA6D2D80013DEF9 /* Foundation.framework */ = {isa = PBXFileReference; lastKnownFileType = wrapper.framework; name = Foundation.framework; path = System/Library/Frameworks/Foundation.framework; sourceTree = SDKROOT; };
		636A44721AA6D49C0013DEF9 /* Reachability.h */ = {isa = PBXFileReference; fileEncoding = 4; lastKnownFileType = sourcecode.c.h; path = Reachability.h; sourceTree = "<group>"; };
		636A44731AA6D49C0013DEF9 /* Reachability.m */ = {isa = PBXFileReference; fileEncoding = 4; lastKnownFileType = sourcecode.c.objc; path = Reachability.m; sourceTree = "<group>"; };
		638FC2D61AC281B5003992FB /* OpenEntriesViewControllerDelegate.h */ = {isa = PBXFileReference; lastKnownFileType = sourcecode.c.h; path = OpenEntriesViewControllerDelegate.h; sourceTree = "<group>"; };
		638FC2D81AC282EA003992FB /* RNActivityView.h */ = {isa = PBXFileReference; fileEncoding = 4; lastKnownFileType = sourcecode.c.h; path = RNActivityView.h; sourceTree = "<group>"; };
		638FC2D91AC282EA003992FB /* RNActivityView.m */ = {isa = PBXFileReference; fileEncoding = 4; lastKnownFileType = sourcecode.c.objc; path = RNActivityView.m; sourceTree = "<group>"; };
		638FC2DA1AC282EA003992FB /* UIView+RNActivityView.h */ = {isa = PBXFileReference; fileEncoding = 4; lastKnownFileType = sourcecode.c.h; path = "UIView+RNActivityView.h"; sourceTree = "<group>"; };
		638FC2DB1AC282EA003992FB /* UIView+RNActivityView.m */ = {isa = PBXFileReference; fileEncoding = 4; lastKnownFileType = sourcecode.c.objc; path = "UIView+RNActivityView.m"; sourceTree = "<group>"; };
		638FC2DF1AC28314003992FB /* UIView+Toast.h */ = {isa = PBXFileReference; fileEncoding = 4; lastKnownFileType = sourcecode.c.h; path = "UIView+Toast.h"; sourceTree = "<group>"; };
		638FC2E01AC28314003992FB /* UIView+Toast.m */ = {isa = PBXFileReference; fileEncoding = 4; lastKnownFileType = sourcecode.c.objc; path = "UIView+Toast.m"; sourceTree = "<group>"; };
		638FC2E51AC284C7003992FB /* Journal.h */ = {isa = PBXFileReference; fileEncoding = 4; lastKnownFileType = sourcecode.c.h; path = Journal.h; sourceTree = "<group>"; };
		638FC2E61AC284C7003992FB /* Journal.m */ = {isa = PBXFileReference; fileEncoding = 4; lastKnownFileType = sourcecode.c.objc; path = Journal.m; sourceTree = "<group>"; };
		638FC2E81AC284C8003992FB /* Patient.h */ = {isa = PBXFileReference; fileEncoding = 4; lastKnownFileType = sourcecode.c.h; path = Patient.h; sourceTree = "<group>"; };
		638FC2E91AC284C8003992FB /* Patient.m */ = {isa = PBXFileReference; fileEncoding = 4; lastKnownFileType = sourcecode.c.objc; path = Patient.m; sourceTree = "<group>"; };
		638FC2EB1AC284C8003992FB /* ButtonActivations.h */ = {isa = PBXFileReference; fileEncoding = 4; lastKnownFileType = sourcecode.c.h; path = ButtonActivations.h; sourceTree = "<group>"; };
		638FC2EC1AC284C8003992FB /* ButtonActivations.m */ = {isa = PBXFileReference; fileEncoding = 4; lastKnownFileType = sourcecode.c.objc; path = ButtonActivations.m; sourceTree = "<group>"; };
		638FC2EE1AC284C8003992FB /* Quotes.h */ = {isa = PBXFileReference; fileEncoding = 4; lastKnownFileType = sourcecode.c.h; path = Quotes.h; sourceTree = "<group>"; };
		638FC2EF1AC284C8003992FB /* Quotes.m */ = {isa = PBXFileReference; fileEncoding = 4; lastKnownFileType = sourcecode.c.objc; path = Quotes.m; sourceTree = "<group>"; };
		638FC2F11AC284C8003992FB /* Exercises.h */ = {isa = PBXFileReference; fileEncoding = 4; lastKnownFileType = sourcecode.c.h; path = Exercises.h; sourceTree = "<group>"; };
		638FC2F21AC284C8003992FB /* Exercises.m */ = {isa = PBXFileReference; fileEncoding = 4; lastKnownFileType = sourcecode.c.objc; path = Exercises.m; sourceTree = "<group>"; };
		638FC2F41AC284C8003992FB /* Therapist.h */ = {isa = PBXFileReference; fileEncoding = 4; lastKnownFileType = sourcecode.c.h; path = Therapist.h; sourceTree = "<group>"; };
		638FC2F51AC284C8003992FB /* Therapist.m */ = {isa = PBXFileReference; fileEncoding = 4; lastKnownFileType = sourcecode.c.objc; path = Therapist.m; sourceTree = "<group>"; };
		638FC2FB1AC28686003992FB /* Activities.h */ = {isa = PBXFileReference; fileEncoding = 4; lastKnownFileType = sourcecode.c.h; path = Activities.h; sourceTree = "<group>"; };
		638FC2FC1AC28686003992FB /* Activities.m */ = {isa = PBXFileReference; fileEncoding = 4; lastKnownFileType = sourcecode.c.objc; path = Activities.m; sourceTree = "<group>"; };
		C069B84F1A8D1FD90002428E /* RatingViewController.h */ = {isa = PBXFileReference; fileEncoding = 4; lastKnownFileType = sourcecode.c.h; path = RatingViewController.h; sourceTree = "<group>"; };
		C069B8501A8D1FD90002428E /* RatingViewController.m */ = {isa = PBXFileReference; fileEncoding = 4; lastKnownFileType = sourcecode.c.objc; path = RatingViewController.m; sourceTree = "<group>"; };
/* End PBXFileReference section */

/* Begin PBXFrameworksBuildPhase section */
		6360D6641A6B5D98001171ED /* Frameworks */ = {
			isa = PBXFrameworksBuildPhase;
			buildActionMask = 2147483647;
			files = (
				636A44701AA6D2D80013DEF9 /* Foundation.framework in Frameworks */,
				636A446E1AA6D2C50013DEF9 /* CoreData.framework in Frameworks */,
				636A446C1AA6D2B80013DEF9 /* UIKit.framework in Frameworks */,
				636A446A1AA6D2AA0013DEF9 /* SystemConfiguration.framework in Frameworks */,
			);
			runOnlyForDeploymentPostprocessing = 0;
		};
		6360D6801A6B5D98001171ED /* Frameworks */ = {
			isa = PBXFrameworksBuildPhase;
			buildActionMask = 2147483647;
			files = (
			);
			runOnlyForDeploymentPostprocessing = 0;
		};
/* End PBXFrameworksBuildPhase section */

/* Begin PBXGroup section */
		635532FF1AA754A100AF865B /* InternetManager */ = {
			isa = PBXGroup;
			children = (
				636A44721AA6D49C0013DEF9 /* Reachability.h */,
				636A44731AA6D49C0013DEF9 /* Reachability.m */,
			);
			name = InternetManager;
			sourceTree = "<group>";
		};
		635533001AA754BF00AF865B /* LoginControllers */ = {
			isa = PBXGroup;
			children = (
				635533011AA754F100AF865B /* LoginViewController.h */,
				635533021AA754F100AF865B /* LoginViewController.m */,
			);
			name = LoginControllers;
			sourceTree = "<group>";
		};
		6360D65E1A6B5D98001171ED = {
			isa = PBXGroup;
			children = (
				6360D6771A6B5D98001171ED /* Main.storyboard */,
				6360D67C1A6B5D98001171ED /* LaunchScreen.xib */,
				6360D67A1A6B5D98001171ED /* Images.xcassets */,
				6360D6711A6B5D98001171ED /* iCope.xcdatamodeld */,
				6360D6691A6B5D98001171ED /* iCope */,
				636A44711AA6D2E10013DEF9 /* Framworks */,
				6360D6861A6B5D98001171ED /* iCopeTests */,
				6360D6681A6B5D98001171ED /* Products */,
			);
			sourceTree = "<group>";
		};
		6360D6681A6B5D98001171ED /* Products */ = {
			isa = PBXGroup;
			children = (
				6360D6671A6B5D98001171ED /* iCope.app */,
				6360D6831A6B5D98001171ED /* iCopeTests.xctest */,
			);
			name = Products;
			sourceTree = "<group>";
		};
		6360D6691A6B5D98001171ED /* iCope */ = {
			isa = PBXGroup;
			children = (
				638FC2DE1AC28306003992FB /* Toasts */,
				6360D66E1A6B5D98001171ED /* AppDelegate.h */,
				6360D66F1A6B5D98001171ED /* AppDelegate.m */,
				635533001AA754BF00AF865B /* LoginControllers */,
				635532FF1AA754A100AF865B /* InternetManager */,
				636A44651AA6CA290013DEF9 /* DBManagers */,
				C069B84E1A8D1F990002428E /* RatingScreen */,
				6360D6931A6B5DBA001171ED /* DBObjects */,
				6360D6941A6B5DD6001171ED /* PhysicalActivityControllers */,
				6360D6951A6B5E1F001171ED /* WritingControllers */,
				6360D6961A6B5E3A001171ED /* MusicControllers */,
				638FC2D71AC282DA003992FB /* LoadingView */,
				6360D6981A6B5E53001171ED /* DrawingControllers */,
				6360D6991A6B5E63001171ED /* ReadingQuotesControllers */,
				6360D69A1A6B5E74001171ED /* MainControllers */,
				6360D66A1A6B5D98001171ED /* Supporting Files */,
			);
			path = iCope;
			sourceTree = "<group>";
		};
		6360D66A1A6B5D98001171ED /* Supporting Files */ = {
			isa = PBXGroup;
			children = (
				6360D66B1A6B5D98001171ED /* Info.plist */,
				6360D66C1A6B5D98001171ED /* main.m */,
			);
			name = "Supporting Files";
			sourceTree = "<group>";
		};
		6360D6861A6B5D98001171ED /* iCopeTests */ = {
			isa = PBXGroup;
			children = (
				6360D6891A6B5D98001171ED /* iCopeTests.m */,
				6360D6871A6B5D98001171ED /* Supporting Files */,
			);
			path = iCopeTests;
			sourceTree = "<group>";
		};
		6360D6871A6B5D98001171ED /* Supporting Files */ = {
			isa = PBXGroup;
			children = (
				6360D6881A6B5D98001171ED /* Info.plist */,
			);
			name = "Supporting Files";
			sourceTree = "<group>";
		};
		6360D6931A6B5DBA001171ED /* DBObjects */ = {
			isa = PBXGroup;
			children = (
				638FC2F41AC284C8003992FB /* Therapist.h */,
				638FC2F51AC284C8003992FB /* Therapist.m */,
				638FC2F11AC284C8003992FB /* Exercises.h */,
				638FC2F21AC284C8003992FB /* Exercises.m */,
				638FC2EE1AC284C8003992FB /* Quotes.h */,
				638FC2EF1AC284C8003992FB /* Quotes.m */,
				638FC2EB1AC284C8003992FB /* ButtonActivations.h */,
				638FC2EC1AC284C8003992FB /* ButtonActivations.m */,
				638FC2E81AC284C8003992FB /* Patient.h */,
				638FC2E91AC284C8003992FB /* Patient.m */,
				638FC2E51AC284C7003992FB /* Journal.h */,
				638FC2E61AC284C7003992FB /* Journal.m */,
				638FC2FB1AC28686003992FB /* Activities.h */,
				638FC2FC1AC28686003992FB /* Activities.m */,
			);
			name = DBObjects;
			sourceTree = "<group>";
		};
		6360D6941A6B5DD6001171ED /* PhysicalActivityControllers */ = {
			isa = PBXGroup;
			children = (
				634FFC6E1A7596D600F24DF6 /* ExerciseTableViewController.h */,
				634FFC6F1A7596D600F24DF6 /* ExerciseTableViewController.m */,
				634FFC711A75970200F24DF6 /* ExerciseTableViewCell.h */,
				634FFC721A75970200F24DF6 /* ExerciseTableViewCell.m */,
				634FFCC01A7616D100F24DF6 /* ExerciseViewController.h */,
				634FFCC11A7616D100F24DF6 /* ExerciseViewController.m */,
			);
			name = PhysicalActivityControllers;
			sourceTree = "<group>";
		};
		6360D6951A6B5E1F001171ED /* WritingControllers */ = {
			isa = PBXGroup;
			children = (
				6360D6E01A6BA0F8001171ED /* OpenEntriesViewController.h */,
				6360D6E11A6BA0F8001171ED /* OpenEntriesViewController.m */,
				6360D6AB1A6B5F1B001171ED /* JournalViewController.h */,
				6360D6AC1A6B5F1B001171ED /* JournalViewController.m */,
				635352811A6F61B80030F5CE /* OpenEntriesTableViewCell.h */,
				635352821A6F61B80030F5CE /* OpenEntriesTableViewCell.m */,
				638FC2D61AC281B5003992FB /* OpenEntriesViewControllerDelegate.h */,
			);
			name = WritingControllers;
			sourceTree = "<group>";
		};
		6360D6961A6B5E3A001171ED /* MusicControllers */ = {
			isa = PBXGroup;
			children = (
				6360D6B11A6B5F26001171ED /* MusicViewController.h */,
				6360D6B21A6B5F26001171ED /* MusicViewController.m */,
			);
			name = MusicControllers;
			sourceTree = "<group>";
		};
		6360D6981A6B5E53001171ED /* DrawingControllers */ = {
			isa = PBXGroup;
			children = (
				6360D6C81A6B5F43001171ED /* SettingsViewController.h */,
				6360D6C91A6B5F43001171ED /* SettingsViewController.m */,
				6360D6CA1A6B5F43001171ED /* DrawingViewController.h */,
				6360D6CB1A6B5F43001171ED /* DrawingViewController.m */,
			);
			name = DrawingControllers;
			sourceTree = "<group>";
		};
		6360D6991A6B5E63001171ED /* ReadingQuotesControllers */ = {
			isa = PBXGroup;
			children = (
				6360D6CE1A6B5F4D001171ED /* ReadingViewController.h */,
				6360D6CF1A6B5F4D001171ED /* ReadingViewController.m */,
			);
			name = ReadingQuotesControllers;
			sourceTree = "<group>";
		};
		6360D69A1A6B5E74001171ED /* MainControllers */ = {
			isa = PBXGroup;
			children = (
				6360D6D11A6B5F59001171ED /* HomeViewController.h */,
				6360D6D21A6B5F59001171ED /* HomeViewController.m */,
			);
			name = MainControllers;
			sourceTree = "<group>";
		};
		636A44651AA6CA290013DEF9 /* DBManagers */ = {
			isa = PBXGroup;
			children = (
				636A44661AA6CA7D0013DEF9 /* BackEndComunicator.h */,
				636A44671AA6CA7D0013DEF9 /* BackEndComunicator.m */,
			);
			name = DBManagers;
			sourceTree = "<group>";
		};
		636A44711AA6D2E10013DEF9 /* Framworks */ = {
			isa = PBXGroup;
			children = (
				636A446F1AA6D2D80013DEF9 /* Foundation.framework */,
				636A446D1AA6D2C50013DEF9 /* CoreData.framework */,
				636A446B1AA6D2B80013DEF9 /* UIKit.framework */,
				636A44691AA6D2AA0013DEF9 /* SystemConfiguration.framework */,
			);
			name = Framworks;
			sourceTree = "<group>";
		};
		638FC2D71AC282DA003992FB /* LoadingView */ = {
			isa = PBXGroup;
			children = (
				638FC2D81AC282EA003992FB /* RNActivityView.h */,
				638FC2D91AC282EA003992FB /* RNActivityView.m */,
				638FC2DA1AC282EA003992FB /* UIView+RNActivityView.h */,
				638FC2DB1AC282EA003992FB /* UIView+RNActivityView.m */,
			);
			name = LoadingView;
			sourceTree = "<group>";
		};
		638FC2DE1AC28306003992FB /* Toasts */ = {
			isa = PBXGroup;
			children = (
				638FC2DF1AC28314003992FB /* UIView+Toast.h */,
				638FC2E01AC28314003992FB /* UIView+Toast.m */,
			);
			name = Toasts;
			sourceTree = "<group>";
		};
		C069B84E1A8D1F990002428E /* RatingScreen */ = {
			isa = PBXGroup;
			children = (
				C069B84F1A8D1FD90002428E /* RatingViewController.h */,
				C069B8501A8D1FD90002428E /* RatingViewController.m */,
			);
			name = RatingScreen;
			sourceTree = "<group>";
		};
/* End PBXGroup section */

/* Begin PBXNativeTarget section */
		6360D6661A6B5D98001171ED /* iCope */ = {
			isa = PBXNativeTarget;
			buildConfigurationList = 6360D68D1A6B5D98001171ED /* Build configuration list for PBXNativeTarget "iCope" */;
			buildPhases = (
				6360D6631A6B5D98001171ED /* Sources */,
				6360D6641A6B5D98001171ED /* Frameworks */,
				6360D6651A6B5D98001171ED /* Resources */,
			);
			buildRules = (
			);
			dependencies = (
			);
			name = iCope;
			productName = iCope;
			productReference = 6360D6671A6B5D98001171ED /* iCope.app */;
			productType = "com.apple.product-type.application";
		};
		6360D6821A6B5D98001171ED /* iCopeTests */ = {
			isa = PBXNativeTarget;
			buildConfigurationList = 6360D6901A6B5D98001171ED /* Build configuration list for PBXNativeTarget "iCopeTests" */;
			buildPhases = (
				6360D67F1A6B5D98001171ED /* Sources */,
				6360D6801A6B5D98001171ED /* Frameworks */,
				6360D6811A6B5D98001171ED /* Resources */,
			);
			buildRules = (
			);
			dependencies = (
				6360D6851A6B5D98001171ED /* PBXTargetDependency */,
			);
			name = iCopeTests;
			productName = iCopeTests;
			productReference = 6360D6831A6B5D98001171ED /* iCopeTests.xctest */;
			productType = "com.apple.product-type.bundle.unit-test";
		};
/* End PBXNativeTarget section */

/* Begin PBXProject section */
		6360D65F1A6B5D98001171ED /* Project object */ = {
			isa = PBXProject;
			attributes = {
				LastUpgradeCheck = 0610;
				ORGANIZATIONNAME = cvrahimis;
				TargetAttributes = {
					6360D6661A6B5D98001171ED = {
						CreatedOnToolsVersion = 6.1.1;
					};
					6360D6821A6B5D98001171ED = {
						CreatedOnToolsVersion = 6.1.1;
						TestTargetID = 6360D6661A6B5D98001171ED;
					};
				};
			};
			buildConfigurationList = 6360D6621A6B5D98001171ED /* Build configuration list for PBXProject "iCope" */;
			compatibilityVersion = "Xcode 3.2";
			developmentRegion = English;
			hasScannedForEncodings = 0;
			knownRegions = (
				en,
				Base,
			);
			mainGroup = 6360D65E1A6B5D98001171ED;
			productRefGroup = 6360D6681A6B5D98001171ED /* Products */;
			projectDirPath = "";
			projectRoot = "";
			targets = (
				6360D6661A6B5D98001171ED /* iCope */,
				6360D6821A6B5D98001171ED /* iCopeTests */,
			);
		};
/* End PBXProject section */

/* Begin PBXResourcesBuildPhase section */
		6360D6651A6B5D98001171ED /* Resources */ = {
			isa = PBXResourcesBuildPhase;
			buildActionMask = 2147483647;
			files = (
				6360D6791A6B5D98001171ED /* Main.storyboard in Resources */,
				6360D67E1A6B5D98001171ED /* LaunchScreen.xib in Resources */,
				6360D67B1A6B5D98001171ED /* Images.xcassets in Resources */,
			);
			runOnlyForDeploymentPostprocessing = 0;
		};
		6360D6811A6B5D98001171ED /* Resources */ = {
			isa = PBXResourcesBuildPhase;
			buildActionMask = 2147483647;
			files = (
			);
			runOnlyForDeploymentPostprocessing = 0;
		};
/* End PBXResourcesBuildPhase section */

/* Begin PBXSourcesBuildPhase section */
		6360D6631A6B5D98001171ED /* Sources */ = {
			isa = PBXSourcesBuildPhase;
			buildActionMask = 2147483647;
			files = (
				638FC2E11AC28314003992FB /* UIView+Toast.m in Sources */,
				6360D6731A6B5D98001171ED /* iCope.xcdatamodeld in Sources */,
				C069B8511A8D1FD90002428E /* RatingViewController.m in Sources */,
				634FFC731A75970200F24DF6 /* ExerciseTableViewCell.m in Sources */,
				6360D6701A6B5D98001171ED /* AppDelegate.m in Sources */,
				638FC2DD1AC282EA003992FB /* UIView+RNActivityView.m in Sources */,
				634FFCC21A7616D100F24DF6 /* ExerciseViewController.m in Sources */,
				6360D6E21A6BA0F8001171ED /* OpenEntriesViewController.m in Sources */,
				6360D6D01A6B5F4D001171ED /* ReadingViewController.m in Sources */,
				638FC2FD1AC28686003992FB /* Activities.m in Sources */,
				6360D6D91A6B5F59001171ED /* HomeViewController.m in Sources */,
				6360D6B61A6B5F26001171ED /* MusicViewController.m in Sources */,
				638FC2F31AC284C8003992FB /* Exercises.m in Sources */,
				634FFC701A7596D600F24DF6 /* ExerciseTableViewController.m in Sources */,
				6360D6AD1A6B5F1B001171ED /* JournalViewController.m in Sources */,
				638FC2ED1AC284C8003992FB /* ButtonActivations.m in Sources */,
				638FC2E71AC284C7003992FB /* Journal.m in Sources */,
				638FC2DC1AC282EA003992FB /* RNActivityView.m in Sources */,
				635533031AA754F100AF865B /* LoginViewController.m in Sources */,
				6360D66D1A6B5D98001171ED /* main.m in Sources */,
				638FC2F01AC284C8003992FB /* Quotes.m in Sources */,
				636A44681AA6CA7D0013DEF9 /* BackEndComunicator.m in Sources */,
				638FC2EA1AC284C8003992FB /* Patient.m in Sources */,
				6360D6CC1A6B5F43001171ED /* SettingsViewController.m in Sources */,
				638FC2F61AC284C8003992FB /* Therapist.m in Sources */,
				636A44741AA6D49C0013DEF9 /* Reachability.m in Sources */,
				635352831A6F61B80030F5CE /* OpenEntriesTableViewCell.m in Sources */,
				6360D6CD1A6B5F43001171ED /* DrawingViewController.m in Sources */,
			);
			runOnlyForDeploymentPostprocessing = 0;
		};
		6360D67F1A6B5D98001171ED /* Sources */ = {
			isa = PBXSourcesBuildPhase;
			buildActionMask = 2147483647;
			files = (
				6360D68A1A6B5D98001171ED /* iCopeTests.m in Sources */,
			);
			runOnlyForDeploymentPostprocessing = 0;
		};
/* End PBXSourcesBuildPhase section */

/* Begin PBXTargetDependency section */
		6360D6851A6B5D98001171ED /* PBXTargetDependency */ = {
			isa = PBXTargetDependency;
			target = 6360D6661A6B5D98001171ED /* iCope */;
			targetProxy = 6360D6841A6B5D98001171ED /* PBXContainerItemProxy */;
		};
/* End PBXTargetDependency section */

/* Begin PBXVariantGroup section */
		6360D6771A6B5D98001171ED /* Main.storyboard */ = {
			isa = PBXVariantGroup;
			children = (
				6360D6781A6B5D98001171ED /* Base */,
			);
			name = Main.storyboard;
			path = iCope;
			sourceTree = "<group>";
		};
		6360D67C1A6B5D98001171ED /* LaunchScreen.xib */ = {
			isa = PBXVariantGroup;
			children = (
				6360D67D1A6B5D98001171ED /* Base */,
			);
			name = LaunchScreen.xib;
			path = iCope;
			sourceTree = "<group>";
		};
/* End PBXVariantGroup section */

/* Begin XCBuildConfiguration section */
		6360D68B1A6B5D98001171ED /* Debug */ = {
			isa = XCBuildConfiguration;
			buildSettings = {
				ALWAYS_SEARCH_USER_PATHS = NO;
				CLANG_CXX_LANGUAGE_STANDARD = "gnu++0x";
				CLANG_CXX_LIBRARY = "libc++";
				CLANG_ENABLE_MODULES = YES;
				CLANG_ENABLE_OBJC_ARC = YES;
				CLANG_WARN_BOOL_CONVERSION = YES;
				CLANG_WARN_CONSTANT_CONVERSION = YES;
				CLANG_WARN_DIRECT_OBJC_ISA_USAGE = YES_ERROR;
				CLANG_WARN_EMPTY_BODY = YES;
				CLANG_WARN_ENUM_CONVERSION = YES;
				CLANG_WARN_INT_CONVERSION = YES;
				CLANG_WARN_OBJC_ROOT_CLASS = YES_ERROR;
				CLANG_WARN_UNREACHABLE_CODE = YES;
				CLANG_WARN__DUPLICATE_METHOD_MATCH = YES;
				"CODE_SIGN_IDENTITY[sdk=iphoneos*]" = "iPhone Developer";
				COPY_PHASE_STRIP = NO;
				ENABLE_STRICT_OBJC_MSGSEND = YES;
				GCC_C_LANGUAGE_STANDARD = gnu99;
				GCC_DYNAMIC_NO_PIC = NO;
				GCC_OPTIMIZATION_LEVEL = 0;
				GCC_PREPROCESSOR_DEFINITIONS = (
					"DEBUG=1",
					"$(inherited)",
				);
				GCC_SYMBOLS_PRIVATE_EXTERN = NO;
				GCC_WARN_64_TO_32_BIT_CONVERSION = YES;
				GCC_WARN_ABOUT_RETURN_TYPE = YES_ERROR;
				GCC_WARN_UNDECLARED_SELECTOR = YES;
				GCC_WARN_UNINITIALIZED_AUTOS = YES_AGGRESSIVE;
				GCC_WARN_UNUSED_FUNCTION = YES;
				GCC_WARN_UNUSED_VARIABLE = YES;
				IPHONEOS_DEPLOYMENT_TARGET = 8.1;
				MTL_ENABLE_DEBUG_INFO = YES;
				ONLY_ACTIVE_ARCH = YES;
				SDKROOT = iphoneos;
			};
			name = Debug;
		};
		6360D68C1A6B5D98001171ED /* Release */ = {
			isa = XCBuildConfiguration;
			buildSettings = {
				ALWAYS_SEARCH_USER_PATHS = NO;
				CLANG_CXX_LANGUAGE_STANDARD = "gnu++0x";
				CLANG_CXX_LIBRARY = "libc++";
				CLANG_ENABLE_MODULES = YES;
				CLANG_ENABLE_OBJC_ARC = YES;
				CLANG_WARN_BOOL_CONVERSION = YES;
				CLANG_WARN_CONSTANT_CONVERSION = YES;
				CLANG_WARN_DIRECT_OBJC_ISA_USAGE = YES_ERROR;
				CLANG_WARN_EMPTY_BODY = YES;
				CLANG_WARN_ENUM_CONVERSION = YES;
				CLANG_WARN_INT_CONVERSION = YES;
				CLANG_WARN_OBJC_ROOT_CLASS = YES_ERROR;
				CLANG_WARN_UNREACHABLE_CODE = YES;
				CLANG_WARN__DUPLICATE_METHOD_MATCH = YES;
				"CODE_SIGN_IDENTITY[sdk=iphoneos*]" = "iPhone Developer";
				COPY_PHASE_STRIP = YES;
				ENABLE_NS_ASSERTIONS = NO;
				ENABLE_STRICT_OBJC_MSGSEND = YES;
				GCC_C_LANGUAGE_STANDARD = gnu99;
				GCC_WARN_64_TO_32_BIT_CONVERSION = YES;
				GCC_WARN_ABOUT_RETURN_TYPE = YES_ERROR;
				GCC_WARN_UNDECLARED_SELECTOR = YES;
				GCC_WARN_UNINITIALIZED_AUTOS = YES_AGGRESSIVE;
				GCC_WARN_UNUSED_FUNCTION = YES;
				GCC_WARN_UNUSED_VARIABLE = YES;
				IPHONEOS_DEPLOYMENT_TARGET = 8.1;
				MTL_ENABLE_DEBUG_INFO = NO;
				SDKROOT = iphoneos;
				VALIDATE_PRODUCT = YES;
			};
			name = Release;
		};
		6360D68E1A6B5D98001171ED /* Debug */ = {
			isa = XCBuildConfiguration;
			buildSettings = {
				ASSETCATALOG_COMPILER_APPICON_NAME = AppIcon;
				INFOPLIST_FILE = iCope/Info.plist;
				IPHONEOS_DEPLOYMENT_TARGET = 8.1;
				LD_RUNPATH_SEARCH_PATHS = "$(inherited) @executable_path/Frameworks";
				PRODUCT_NAME = "$(TARGET_NAME)";
			};
			name = Debug;
		};
		6360D68F1A6B5D98001171ED /* Release */ = {
			isa = XCBuildConfiguration;
			buildSettings = {
				ASSETCATALOG_COMPILER_APPICON_NAME = AppIcon;
				INFOPLIST_FILE = iCope/Info.plist;
				IPHONEOS_DEPLOYMENT_TARGET = 8.1;
				LD_RUNPATH_SEARCH_PATHS = "$(inherited) @executable_path/Frameworks";
				PRODUCT_NAME = "$(TARGET_NAME)";
			};
			name = Release;
		};
		6360D6911A6B5D98001171ED /* Debug */ = {
			isa = XCBuildConfiguration;
			buildSettings = {
				BUNDLE_LOADER = "$(TEST_HOST)";
				FRAMEWORK_SEARCH_PATHS = (
					"$(SDKROOT)/Developer/Library/Frameworks",
					"$(inherited)",
				);
				GCC_PREPROCESSOR_DEFINITIONS = (
					"DEBUG=1",
					"$(inherited)",
				);
				INFOPLIST_FILE = iCopeTests/Info.plist;
				LD_RUNPATH_SEARCH_PATHS = "$(inherited) @executable_path/Frameworks @loader_path/Frameworks";
				PRODUCT_NAME = "$(TARGET_NAME)";
				TEST_HOST = "$(BUILT_PRODUCTS_DIR)/iCope.app/iCope";
			};
			name = Debug;
		};
		6360D6921A6B5D98001171ED /* Release */ = {
			isa = XCBuildConfiguration;
			buildSettings = {
				BUNDLE_LOADER = "$(TEST_HOST)";
				FRAMEWORK_SEARCH_PATHS = (
					"$(SDKROOT)/Developer/Library/Frameworks",
					"$(inherited)",
				);
				INFOPLIST_FILE = iCopeTests/Info.plist;
				LD_RUNPATH_SEARCH_PATHS = "$(inherited) @executable_path/Frameworks @loader_path/Frameworks";
				PRODUCT_NAME = "$(TARGET_NAME)";
				TEST_HOST = "$(BUILT_PRODUCTS_DIR)/iCope.app/iCope";
			};
			name = Release;
		};
/* End XCBuildConfiguration section */

/* Begin XCConfigurationList section */
		6360D6621A6B5D98001171ED /* Build configuration list for PBXProject "iCope" */ = {
			isa = XCConfigurationList;
			buildConfigurations = (
				6360D68B1A6B5D98001171ED /* Debug */,
				6360D68C1A6B5D98001171ED /* Release */,
			);
			defaultConfigurationIsVisible = 0;
			defaultConfigurationName = Release;
		};
		6360D68D1A6B5D98001171ED /* Build configuration list for PBXNativeTarget "iCope" */ = {
			isa = XCConfigurationList;
			buildConfigurations = (
				6360D68E1A6B5D98001171ED /* Debug */,
				6360D68F1A6B5D98001171ED /* Release */,
			);
			defaultConfigurationIsVisible = 0;
			defaultConfigurationName = Release;
		};
		6360D6901A6B5D98001171ED /* Build configuration list for PBXNativeTarget "iCopeTests" */ = {
			isa = XCConfigurationList;
			buildConfigurations = (
				6360D6911A6B5D98001171ED /* Debug */,
				6360D6921A6B5D98001171ED /* Release */,
			);
			defaultConfigurationIsVisible = 0;
			defaultConfigurationName = Release;
		};
/* End XCConfigurationList section */

/* Begin XCVersionGroup section */
		6360D6711A6B5D98001171ED /* iCope.xcdatamodeld */ = {
			isa = XCVersionGroup;
			children = (
				6360D6721A6B5D98001171ED /* iCope.xcdatamodel */,
			);
			currentVersion = 6360D6721A6B5D98001171ED /* iCope.xcdatamodel */;
			name = iCope.xcdatamodeld;
			path = iCope/iCope.xcdatamodeld;
			sourceTree = "<group>";
			versionGroupType = wrapper.xcdatamodel;
		};
/* End XCVersionGroup section */
	};
	rootObject = 6360D65F1A6B5D98001171ED /* Project object */;
}
